
Microsoft Visual Studio Solution File, Format Version 12.00
# Visual Studio Version 17
VisualStudioVersion = 17.10.34928.147
MinimumVisualStudioVersion = 10.0.40219.1
Project("{FAE04EC0-301F-11D3-BF4B-00C04F79EFBC}") = "randomdinamic", "randomdinamic\randomdinamic.csproj", "{52EBF264-D5EC-40FA-92E3-66BED5E2348D}"
EndProject
Global
	GlobalSection(SolutionConfigurationPlatforms) = preSolution
		Debug|Any CPU = Debug|Any CPU
		Release|Any CPU = Release|Any CPU
	EndGlobalSection
	GlobalSection(ProjectConfigurationPlatforms) = postSolution
		{52EBF264-D5EC-40FA-92E3-66BED5E2348D}.Debug|Any CPU.ActiveCfg = Debug|Any CPU
		{52EBF264-D5EC-40FA-92E3-66BED5E2348D}.Debug|Any CPU.Build.0 = Debug|Any CPU
		{52EBF264-D5EC-40FA-92E3-66BED5E2348D}.Release|Any CPU.ActiveCfg = Release|Any CPU
		{52EBF264-D5EC-40FA-92E3-66BED5E2348D}.Release|Any CPU.Build.0 = Release|Any CPU
	EndGlobalSection
	GlobalSection(SolutionProperties) = preSolution
		HideSolutionNode = FALSE
	EndGlobalSection
	GlobalSection(ExtensibilityGlobals) = postSolution
		SolutionGuid = {96E5CA9C-8838-4E34-B856-9A3A52E5528A}
	EndGlobalSection
EndGlobal
